
Microsoft Visual Studio Solution File, Format Version 12.00
# Visual Studio Version 16
VisualStudioVersion = 16.0.31105.61
MinimumVisualStudioVersion = 10.0.40219.1
Project("{9A19103F-16F7-4668-BE54-9A1E7A4F7556}") = "SchoolLibrary", "SchoolLibrary\SchoolLibrary.csproj", "{E7C4F58D-BC32-40C9-9C9F-6ED7FAFEFD40}"
EndProject
Project("{FAE04EC0-301F-11D3-BF4B-00C04F79EFBC}") = "SchoolFormsApp", "SchoolFormsApp\SchoolFormsApp.csproj", "{FE901D63-9BAC-4116-9B94-CB57935CB9E3}"
EndProject
Global
	GlobalSection(SolutionConfigurationPlatforms) = preSolution
		Debug|Any CPU = Debug|Any CPU
		Release|Any CPU = Release|Any CPU
	EndGlobalSection
	GlobalSection(ProjectConfigurationPlatforms) = postSolution
		{E7C4F58D-BC32-40C9-9C9F-6ED7FAFEFD40}.Debug|Any CPU.ActiveCfg = Debug|Any CPU
		{E7C4F58D-BC32-40C9-9C9F-6ED7FAFEFD40}.Debug|Any CPU.Build.0 = Debug|Any CPU
		{E7C4F58D-BC32-40C9-9C9F-6ED7FAFEFD40}.Release|Any CPU.ActiveCfg = Release|Any CPU
		{E7C4F58D-BC32-40C9-9C9F-6ED7FAFEFD40}.Release|Any CPU.Build.0 = Release|Any CPU
		{FE901D63-9BAC-4116-9B94-CB57935CB9E3}.Debug|Any CPU.ActiveCfg = Debug|Any CPU
		{FE901D63-9BAC-4116-9B94-CB57935CB9E3}.Debug|Any CPU.Build.0 = Debug|Any CPU
		{FE901D63-9BAC-4116-9B94-CB57935CB9E3}.Release|Any CPU.ActiveCfg = Release|Any CPU
		{FE901D63-9BAC-4116-9B94-CB57935CB9E3}.Release|Any CPU.Build.0 = Release|Any CPU
	EndGlobalSection
	GlobalSection(SolutionProperties) = preSolution
		HideSolutionNode = FALSE
	EndGlobalSection
	GlobalSection(ExtensibilityGlobals) = postSolution
		SolutionGuid = {515BE2BF-36B6-4760-B3BA-C02557620993}
	EndGlobalSection
EndGlobal
